lockfileVersion: '9.0'

settings:
  autoInstallPeers: true
  excludeLinksFromLockfile: false

importers:

  .:
    devDependencies:
      lossless-json:
        specifier: ^4.3.0
        version: 4.3.0

packages:

  lossless-json@4.3.0:
    resolution: {integrity: sha512-ToxOC+SsduRmdSuoLZLYAr5zy1Qu7l5XhmPWM3zefCZ5IcrzW/h108qbJUKfOlDlhvhjUK84+8PSVX0kxnit0g==}

snapshots:

  lossless-json@4.3.0: {}
